
Microsoft Visual Studio Solution File, Format Version 12.00
# Visual Studio Version 17
VisualStudioVersion = 17.4.33205.214
MinimumVisualStudioVersion = 10.0.40219.1
Project("{9A19103F-16F7-4668-BE54-9A1E7A4F7556}") = "MatrixTrace", "MatrixTrace\MatrixTrace.csproj", "{03741B12-904E-4835-8753-5CD86B80C280}"
EndProject
Project("{FAE04EC0-301F-11D3-BF4B-00C04F79EFBC}") = "MatrixTraceTests", "MatrixTraceTests\MatrixTraceTests.csproj", "{E0CA5465-D21E-41EF-8CD1-7434B9D89DF3}"
EndProject
Global
	GlobalSection(SolutionConfigurationPlatforms) = preSolution
		Debug|Any CPU = Debug|Any CPU
		Release|Any CPU = Release|Any CPU
	EndGlobalSection
	GlobalSection(ProjectConfigurationPlatforms) = postSolution
		{03741B12-904E-4835-8753-5CD86B80C280}.Debug|Any CPU.ActiveCfg = Debug|Any CPU
		{03741B12-904E-4835-8753-5CD86B80C280}.Debug|Any CPU.Build.0 = Debug|Any CPU
		{03741B12-904E-4835-8753-5CD86B80C280}.Release|Any CPU.ActiveCfg = Release|Any CPU
		{03741B12-904E-4835-8753-5CD86B80C280}.Release|Any CPU.Build.0 = Release|Any CPU
		{E0CA5465-D21E-41EF-8CD1-7434B9D89DF3}.Debug|Any CPU.ActiveCfg = Debug|Any CPU
		{E0CA5465-D21E-41EF-8CD1-7434B9D89DF3}.Debug|Any CPU.Build.0 = Debug|Any CPU
		{E0CA5465-D21E-41EF-8CD1-7434B9D89DF3}.Release|Any CPU.ActiveCfg = Release|Any CPU
		{E0CA5465-D21E-41EF-8CD1-7434B9D89DF3}.Release|Any CPU.Build.0 = Release|Any CPU
	EndGlobalSection
	GlobalSection(SolutionProperties) = preSolution
		HideSolutionNode = FALSE
	EndGlobalSection
	GlobalSection(ExtensibilityGlobals) = postSolution
		SolutionGuid = {7746D9C9-8F7C-4A36-B35C-651072E7E818}
	EndGlobalSection
EndGlobal
